// !$*UTF8*$!
{
	archiveVersion = 1;
	classes = {
	};
	objectVersion = 50;
	objects = {

/* Begin PBXBuildFile section */
		98225A6422DB080B00EF151F /* AppDelegate.swift in Sources */ = {isa = PBXBuildFile; fileRef = 98225A6322DB080B00EF151F /* AppDelegate.swift */; };
		98225A6922DB080B00EF151F /* Main.storyboard in Resources */ = {isa = PBXBuildFile; fileRef = 98225A6722DB080B00EF151F /* Main.storyboard */; };
		98225A6B22DB080C00EF151F /* Assets.xcassets in Resources */ = {isa = PBXBuildFile; fileRef = 98225A6A22DB080C00EF151F /* Assets.xcassets */; };
		98225A6E22DB080C00EF151F /* LaunchScreen.storyboard in Resources */ = {isa = PBXBuildFile; fileRef = 98225A6C22DB080C00EF151F /* LaunchScreen.storyboard */; };
		98225A7B22DB08FE00EF151F /* CodeViewController.swift in Sources */ = {isa = PBXBuildFile; fileRef = 98225A7A22DB08FE00EF151F /* CodeViewController.swift */; };
		98225A7E22DB091500EF151F /* XibViewController.swift in Sources */ = {isa = PBXBuildFile; fileRef = 98225A7C22DB091500EF151F /* XibViewController.swift */; };
		98225A7F22DB091500EF151F /* XibViewController.xib in Resources */ = {isa = PBXBuildFile; fileRef = 98225A7D22DB091500EF151F /* XibViewController.xib */; };
/* End PBXBuildFile section */

/* Begin PBXFileReference section */
		98225A6022DB080B00EF151F /* AutoLayout-Lesson.app */ = {isa = PBXFileReference; explicitFileType = wrapper.application; includeInIndex = 0; path = "AutoLayout-Lesson.app"; sourceTree = BUILT_PRODUCTS_DIR; };
		98225A6322DB080B00EF151F /* AppDelegate.swift */ = {isa = PBXFileReference; lastKnownFileType = sourcecode.swift; path = AppDelegate.swift; sourceTree = "<group>"; };
		98225A6822DB080B00EF151F /* Base */ = {isa = PBXFileReference; lastKnownFileType = file.storyboard; name = Base; path = Base.lproj/Main.storyboard; sourceTree = "<group>"; };
		98225A6A22DB080C00EF151F /* Assets.xcassets */ = {isa = PBXFileReference; lastKnownFileType = folder.assetcatalog; path = Assets.xcassets; sourceTree = "<group>"; };
		98225A6D22DB080C00EF151F /* Base */ = {isa = PBXFileReference; lastKnownFileType = file.storyboard; name = Base; path = Base.lproj/LaunchScreen.storyboard; sourceTree = "<group>"; };
		98225A6F22DB080C00EF151F /* Info.plist */ = {isa = PBXFileReference; lastKnownFileType = text.plist.xml; path = Info.plist; sourceTree = "<group>"; };
		98225A7A22DB08FE00EF151F /* CodeViewController.swift */ = {isa = PBXFileReference; lastKnownFileType = sourcecode.swift; path = CodeViewController.swift; sourceTree = "<group>"; };
		98225A7C22DB091500EF151F /* XibViewController.swift */ = {isa = PBXFileReference; lastKnownFileType = sourcecode.swift; path = XibViewController.swift; sourceTree = "<group>"; };
		98225A7D22DB091500EF151F /* XibViewController.xib */ = {isa = PBXFileReference; lastKnownFileType = file.xib; path = XibViewController.xib; sourceTree = "<group>"; };
/* End PBXFileReference section */

/* Begin PBXFrameworksBuildPhase section */
		98225A5D22DB080B00EF151F /* Frameworks */ = {
			isa = PBXFrameworksBuildPhase;
			buildActionMask = 2147483647;
			files = (
			);
			runOnlyForDeploymentPostprocessing = 0;
		};
/* End PBXFrameworksBuildPhase section */

/* Begin PBXGroup section */
		98225A5722DB080B00EF151F = {
			isa = PBXGroup;
			children = (
				98225A6222DB080B00EF151F /* AutoLayout-Lesson */,
				98225A6122DB080B00EF151F /* Products */,
			);
			sourceTree = "<group>";
		};
		98225A6122DB080B00EF151F /* Products */ = {
			isa = PBXGroup;
			children = (
				98225A6022DB080B00EF151F /* AutoLayout-Lesson.app */,
			);
			name = Products;
			sourceTree = "<group>";
		};
		98225A6222DB080B00EF151F /* AutoLayout-Lesson */ = {
			isa = PBXGroup;
			children = (
				98225A7A22DB08FE00EF151F /* CodeViewController.swift */,
				98225A7522DB082300EF151F /* Supporting Files */,
				98225A6722DB080B00EF151F /* Main.storyboard */,
				98225A6F22DB080C00EF151F /* Info.plist */,
				98225A8022DB091C00EF151F /* Xib Files */,
			);
			path = "AutoLayout-Lesson";
			sourceTree = "<group>";
		};
		98225A7522DB082300EF151F /* Supporting Files */ = {
			isa = PBXGroup;
			children = (
				98225A6322DB080B00EF151F /* AppDelegate.swift */,
				98225A6A22DB080C00EF151F /* Assets.xcassets */,
				98225A6C22DB080C00EF151F /* LaunchScreen.storyboard */,
			);
			path = "Supporting Files";
			sourceTree = "<group>";
		};
		98225A8022DB091C00EF151F /* Xib Files */ = {
			isa = PBXGroup;
			children = (
				98225A7C22DB091500EF151F /* XibViewController.swift */,
				98225A7D22DB091500EF151F /* XibViewController.xib */,
			);
			path = "Xib Files";
			sourceTree = "<group>";
		};
/* End PBXGroup section */

/* Begin PBXNativeTarget section */
		98225A5F22DB080B00EF151F /* AutoLayout-Lesson */ = {
			isa = PBXNativeTarget;
			buildConfigurationList = 98225A7222DB080C00EF151F /* Build configuration list for PBXNativeTarget "AutoLayout-Lesson" */;
			buildPhases = (
				98225A5C22DB080B00EF151F /* Sources */,
				98225A5D22DB080B00EF151F /* Frameworks */,
				98225A5E22DB080B00EF151F /* Resources */,
			);
			buildRules = (
			);
			dependencies = (
			);
			name = "AutoLayout-Lesson";
			productName = "AutoLayout-Lesson";
			productReference = 98225A6022DB080B00EF151F /* AutoLayout-Lesson.app */;
			productType = "com.apple.product-type.application";
		};
/* End PBXNativeTarget section */

/* Begin PBXProject section */
		98225A5822DB080B00EF151F /* Project object */ = {
			isa = PBXProject;
			attributes = {
				LastSwiftUpdateCheck = 1010;
				LastUpgradeCheck = 1010;
				ORGANIZATIONNAME = mingkai;
				TargetAttributes = {
					98225A5F22DB080B00EF151F = {
						CreatedOnToolsVersion = 10.1;
					};
				};
			};
			buildConfigurationList = 98225A5B22DB080B00EF151F /* Build configuration list for PBXProject "AutoLayout-Lesson" */;
			compatibilityVersion = "Xcode 9.3";
			developmentRegion = en;
			hasScannedForEncodings = 0;
			knownRegions = (
				en,
				Base,
			);
			mainGroup = 98225A5722DB080B00EF151F;
			productRefGroup = 98225A6122DB080B00EF151F /* Products */;
			projectDirPath = "";
			projectRoot = "";
			targets = (
				98225A5F22DB080B00EF151F /* AutoLayout-Lesson */,
			);
		};
/* End PBXProject section */

/* Begin PBXResourcesBuildPhase section */
		98225A5E22DB080B00EF151F /* Resources */ = {
			isa = PBXResourcesBuildPhase;
			buildActionMask = 2147483647;
			files = (
				98225A7F22DB091500EF151F /* XibViewController.xib in Resources */,
				98225A6E22DB080C00EF151F /* LaunchScreen.storyboard in Resources */,
				98225A6B22DB080C00EF151F /* Assets.xcassets in Resources */,
				98225A6922DB080B00EF151F /* Main.storyboard in Resources */,
			);
			runOnlyForDeploymentPostprocessing = 0;
		};
/* End PBXResourcesBuildPhase section */

/* Begin PBXSourcesBuildPhase section */
		98225A5C22DB080B00EF151F /* Sources */ = {
			isa = PBXSourcesBuildPhase;
			buildActionMask = 2147483647;
			files = (
				98225A6422DB080B00EF151F /* AppDelegate.swift in Sources */,
				98225A7B22DB08FE00EF151F /* CodeViewController.swift in Sources */,
				98225A7E22DB091500EF151F /* XibViewController.swift in Sources */,
			);
			runOnlyForDeploymentPostprocessing = 0;
		};
/* End PBXSourcesBuildPhase section */

/* Begin PBXVariantGroup section */
		98225A6722DB080B00EF151F /* Main.storyboard */ = {
			isa = PBXVariantGroup;
			children = (
				98225A6822DB080B00EF151F /* Base */,
			);
			name = Main.storyboard;
			sourceTree = "<group>";
		};
		98225A6C22DB080C00EF151F /* LaunchScreen.storyboard */ = {
			isa = PBXVariantGroup;
			children = (
				98225A6D22DB080C00EF151F /* Base */,
			);
			name = LaunchScreen.storyboard;
			sourceTree = "<group>";
		};
/* End PBXVariantGroup section */

/* Begin XCBuildConfiguration section */
		98225A7022DB080C00EF151F /* Debug */ = {
			isa = XCBuildConfiguration;
			buildSettings = {
				ALWAYS_SEARCH_USER_PATHS = NO;
				CLANG_ANALYZER_NONNULL = YES;
				CLANG_ANALYZER_NUMBER_OBJECT_CONVERSION = YES_AGGRESSIVE;
				CLANG_CXX_LANGUAGE_STANDARD = "gnu++14";
				CLANG_CXX_LIBRARY = "libc++";
				CLANG_ENABLE_MODULES = YES;
				CLANG_ENABLE_OBJC_ARC = YES;
				CLANG_ENABLE_OBJC_WEAK = YES;
				CLANG_WARN_BLOCK_CAPTURE_AUTORELEASING = YES;
				CLANG_WARN_BOOL_CONVERSION = YES;
				CLANG_WARN_COMMA = YES;
				CLANG_WARN_CONSTANT_CONVERSION = YES;
				CLANG_WARN_DEPRECATED_OBJC_IMPLEMENTATIONS = YES;
				CLANG_WARN_DIRECT_OBJC_ISA_USAGE = YES_ERROR;
				CLANG_WARN_DOCUMENTATION_COMMENTS = YES;
				CLANG_WARN_EMPTY_BODY = YES;
				CLANG_WARN_ENUM_CONVERSION = YES;
				CLANG_WARN_INFINITE_RECURSION = YES;
				CLANG_WARN_INT_CONVERSION = YES;
				CLANG_WARN_NON_LITERAL_NULL_CONVERSION = YES;
				CLANG_WARN_OBJC_IMPLICIT_RETAIN_SELF = YES;
				CLANG_WARN_OBJC_LITERAL_CONVERSION = YES;
				CLANG_WARN_OBJC_ROOT_CLASS = YES_ERROR;
				CLANG_WARN_RANGE_LOOP_ANALYSIS = YES;
				CLANG_WARN_STRICT_PROTOTYPES = YES;
				CLANG_WARN_SUSPICIOUS_MOVE = YES;
				CLANG_WARN_UNGUARDED_AVAILABILITY = YES_AGGRESSIVE;
				CLANG_WARN_UNREACHABLE_CODE = YES;
				CLANG_WARN__DUPLICATE_METHOD_MATCH = YES;
				CODE_SIGN_IDENTITY = "iPhone Developer";
				COPY_PHASE_STRIP = NO;
				DEBUG_INFORMATION_FORMAT = dwarf;
				ENABLE_STRICT_OBJC_MSGSEND = YES;
				ENABLE_TESTABILITY = YES;
				GCC_C_LANGUAGE_STANDARD = gnu11;
				GCC_DYNAMIC_NO_PIC = NO;
				GCC_NO_COMMON_BLOCKS = YES;
				GCC_OPTIMIZATION_LEVEL = 0;
				GCC_PREPROCESSOR_DEFINITIONS = (
					"DEBUG=1",
					"$(inherited)",
				);
				GCC_WARN_64_TO_32_BIT_CONVERSION = YES;
				GCC_WARN_ABOUT_RETURN_TYPE = YES_ERROR;
				GCC_WARN_UNDECLARED_SELECTOR = YES;
				GCC_WARN_UNINITIALIZED_AUTOS = YES_AGGRESSIVE;
				GCC_WARN_UNUSED_FUNCTION = YES;
				GCC_WARN_UNUSED_VARIABLE = YES;
				IPHONEOS_DEPLOYMENT_TARGET = 12.1;
				MTL_ENABLE_DEBUG_INFO = INCLUDE_SOURCE;
				MTL_FAST_MATH = YES;
				ONLY_ACTIVE_ARCH = YES;
				SDKROOT = iphoneos;
				SWIFT_ACTIVE_COMPILATION_CONDITIONS = DEBUG;
				SWIFT_OPTIMIZATION_LEVEL = "-Onone";
			};
			name = Debug;
		};
		98225A7122DB080C00EF151F /* Release */ = {
			isa = XCBuildConfiguration;
			buildSettings = {
				ALWAYS_SEARCH_USER_PATHS = NO;
				CLANG_ANALYZER_NONNULL = YES;
				CLANG_ANALYZER_NUMBER_OBJECT_CONVERSION = YES_AGGRESSIVE;
				CLANG_CXX_LANGUAGE_STANDARD = "gnu++14";
				CLANG_CXX_LIBRARY = "libc++";
				CLANG_ENABLE_MODULES = YES;
				CLANG_ENABLE_OBJC_ARC = YES;
				CLANG_ENABLE_OBJC_WEAK = YES;
				CLANG_WARN_BLOCK_CAPTURE_AUTORELEASING = YES;
				CLANG_WARN_BOOL_CONVERSION = YES;
				CLANG_WARN_COMMA = YES;
				CLANG_WARN_CONSTANT_CONVERSION = YES;
				CLANG_WARN_DEPRECATED_OBJC_IMPLEMENTATIONS = YES;
				CLANG_WARN_DIRECT_OBJC_ISA_USAGE = YES_ERROR;
				CLANG_WARN_DOCUMENTATION_COMMENTS = YES;
				CLANG_WARN_EMPTY_BODY = YES;
				CLANG_WARN_ENUM_CONVERSION = YES;
				CLANG_WARN_INFINITE_RECURSION = YES;
				CLANG_WARN_INT_CONVERSION = YES;
				CLANG_WARN_NON_LITERAL_NULL_CONVERSION = YES;
				CLANG_WARN_OBJC_IMPLICIT_RETAIN_SELF = YES;
				CLANG_WARN_OBJC_LITERAL_CONVERSION = YES;
				CLANG_WARN_OBJC_ROOT_CLASS = YES_ERROR;
				CLANG_WARN_RANGE_LOOP_ANALYSIS = YES;
				CLANG_WARN_STRICT_PROTOTYPES = YES;
				CLANG_WARN_SUSPICIOUS_MOVE = YES;
				CLANG_WARN_UNGUARDED_AVAILABILITY = YES_AGGRESSIVE;
				CLANG_WARN_UNREACHABLE_CODE = YES;
				CLANG_WARN__DUPLICATE_METHOD_MATCH = YES;
				CODE_SIGN_IDENTITY = "iPhone Developer";
				COPY_PHASE_STRIP = NO;
				DEBUG_INFORMATION_FORMAT = "dwarf-with-dsym";
				ENABLE_NS_ASSERTIONS = NO;
				ENABLE_STRICT_OBJC_MSGSEND = YES;
				GCC_C_LANGUAGE_STANDARD = gnu11;
				GCC_NO_COMMON_BLOCKS = YES;
				GCC_WARN_64_TO_32_BIT_CONVERSION = YES;
				GCC_WARN_ABOUT_RETURN_TYPE = YES_ERROR;
				GCC_WARN_UNDECLARED_SELECTOR = YES;
				GCC_WARN_UNINITIALIZED_AUTOS = YES_AGGRESSIVE;
				GCC_WARN_UNUSED_FUNCTION = YES;
				GCC_WARN_UNUSED_VARIABLE = YES;
				IPHONEOS_DEPLOYMENT_TARGET = 12.1;
				MTL_ENABLE_DEBUG_INFO = NO;
				MTL_FAST_MATH = YES;
				SDKROOT = iphoneos;
				SWIFT_COMPILATION_MODE = wholemodule;
				SWIFT_OPTIMIZATION_LEVEL = "-O";
				VALIDATE_PRODUCT = YES;
			};
			name = Release;
		};
		98225A7322DB080C00EF151F /* Debug */ = {
			isa = XCBuildConfiguration;
			buildSettings = {
				ASSETCATALOG_COMPILER_APPICON_NAME = AppIcon;
				CODE_SIGN_STYLE = Automatic;
				DEVELOPMENT_TEAM = HHEVQK4H5T;
				INFOPLIST_FILE = "AutoLayout-Lesson/Info.plist";
				LD_RUNPATH_SEARCH_PATHS = (
					"$(inherited)",
					"@executable_path/Frameworks",
				);
				PRODUCT_BUNDLE_IDENTIFIER = "cc.mikezhang.AutoLayout-Lesson";
				PRODUCT_NAME = "$(TARGET_NAME)";
				SWIFT_VERSION = 4.2;
				TARGETED_DEVICE_FAMILY = "1,2";
			};
			name = Debug;
		};
		98225A7422DB080C00EF151F /* Release */ = {
			isa = XCBuildConfiguration;
			buildSettings = {
				ASSETCATALOG_COMPILER_APPICON_NAME = AppIcon;
				CODE_SIGN_STYLE = Automatic;
				DEVELOPMENT_TEAM = HHEVQK4H5T;
				INFOPLIST_FILE = "AutoLayout-Lesson/Info.plist";
				LD_RUNPATH_SEARCH_PATHS = (
					"$(inherited)",
					"@executable_path/Frameworks",
				);
				PRODUCT_BUNDLE_IDENTIFIER = "cc.mikezhang.AutoLayout-Lesson";
				PRODUCT_NAME = "$(TARGET_NAME)";
				SWIFT_VERSION = 4.2;
				TARGETED_DEVICE_FAMILY = "1,2";
			};
			name = Release;
		};
/* End XCBuildConfiguration section */

/* Begin XCConfigurationList section */
		98225A5B22DB080B00EF151F /* Build configuration list for PBXProject "AutoLayout-Lesson" */ = {
			isa = XCConfigurationList;
			buildConfigurations = (
				98225A7022DB080C00EF151F /* Debug */,
				98225A7122DB080C00EF151F /* Release */,
			);
			defaultConfigurationIsVisible = 0;
			defaultConfigurationName = Release;
		};
		98225A7222DB080C00EF151F /* Build configuration list for PBXNativeTarget "AutoLayout-Lesson" */ = {
			isa = XCConfigurationList;
			buildConfigurations = (
				98225A7322DB080C00EF151F /* Debug */,
				98225A7422DB080C00EF151F /* Release */,
			);
			defaultConfigurationIsVisible = 0;
			defaultConfigurationName = Release;
		};
/* End XCConfigurationList section */
	};
	rootObject = 98225A5822DB080B00EF151F /* Project object */;
}
